
Microsoft Visual Studio Solution File, Format Version 12.00
# Visual Studio Version 16
VisualStudioVersion = 16.0.30804.86
MinimumVisualStudioVersion = 10.0.40219.1
Project("{FAE04EC0-301F-11D3-BF4B-00C04F79EFBC}") = "directoryserver", "directoryserver\directoryserver.csproj", "{77D15592-A08E-45A3-BB84-6E3819C9D7AB}"
EndProject
Global
	GlobalSection(SolutionConfigurationPlatforms) = preSolution
		Debug|Any CPU = Debug|Any CPU
		Release|Any CPU = Release|Any CPU
	EndGlobalSection
	GlobalSection(ProjectConfigurationPlatforms) = postSolution
		{77D15592-A08E-45A3-BB84-6E3819C9D7AB}.Debug|Any CPU.ActiveCfg = Debug|Any CPU
		{77D15592-A08E-45A3-BB84-6E3819C9D7AB}.Debug|Any CPU.Build.0 = Debug|Any CPU
		{77D15592-A08E-45A3-BB84-6E3819C9D7AB}.Release|Any CPU.ActiveCfg = Release|Any CPU
		{77D15592-A08E-45A3-BB84-6E3819C9D7AB}.Release|Any CPU.Build.0 = Release|Any CPU
	EndGlobalSection
	GlobalSection(SolutionProperties) = preSolution
		HideSolutionNode = FALSE
	EndGlobalSection
	GlobalSection(ExtensibilityGlobals) = postSolution
		SolutionGuid = {BAC77ADB-618B-463E-87B7-8E81F371C172}
	EndGlobalSection
EndGlobal
